{
  "nodes": {
    "nixos-hardware": {
      "locked": {
        "lastModified": 1691305349,
        "narHash": "sha256-0Pig7jnmuRH3c5dOTVTOvTLwo2CRzYTyvJRQ82HWRSo=",
        "owner": "NixOS",
        "repo": "nixos-hardware",
        "rev": "5426a95071d0b9782b3209b3995cde1f5689616e",
        "type": "github"
      },
      "original": {
        "owner": "NixOS",
        "ref": "master",
        "repo": "nixos-hardware",
        "type": "github"
      }
    },
    "nixpkgs": {
      "locked": {
        "lastModified": 1691252436,
        "narHash": "sha256-SKKPKYOnFcwqECehxoFBMLv29CZXC5qCDuETSuXd82g=",
        "owner": "nixos",
        "repo": "nixpkgs",
        "rev": "9607b9149c9d81fdf3dc4f3bcc278da146ffbd77",
        "type": "github"
      },
      "original": {
        "owner": "nixos",
        "ref": "nixos-23.05",
        "repo": "nixpkgs",
        "type": "github"
      }
    },
    "root": {
      "inputs": {
        "nixos-hardware": "nixos-hardware",
        "nixpkgs": "nixpkgs"
      }
    }
  },
  "root": "root",
  "version": 7
}
